// !$*UTF8*$!
{
	archiveVersion = 1;
	classes = {
	};
	objectVersion = 46;
	objects = {

/* Begin PBXBuildFile section */
		83D31E5A1BFD2153007CF7AB /* AppDelegate.swift in Sources */ = {isa = PBXBuildFile; fileRef = 83D31E591BFD2153007CF7AB /* AppDelegate.swift */; };
		83D31E5C1BFD2153007CF7AB /* ViewController.swift in Sources */ = {isa = PBXBuildFile; fileRef = 83D31E5B1BFD2153007CF7AB /* ViewController.swift */; };
		83D31E5F1BFD2153007CF7AB /* Main.storyboard in Resources */ = {isa = PBXBuildFile; fileRef = 83D31E5D1BFD2153007CF7AB /* Main.storyboard */; };
		83D31E611BFD2153007CF7AB /* Assets.xcassets in Resources */ = {isa = PBXBuildFile; fileRef = 83D31E601BFD2153007CF7AB /* Assets.xcassets */; };
		83D31E641BFD2153007CF7AB /* LaunchScreen.storyboard in Resources */ = {isa = PBXBuildFile; fileRef = 83D31E621BFD2153007CF7AB /* LaunchScreen.storyboard */; };
		83D31E6E1BFD29B4007CF7AB /* NameListTableViewController.swift in Sources */ = {isa = PBXBuildFile; fileRef = 83D31E6D1BFD29B4007CF7AB /* NameListTableViewController.swift */; };
		83D31E701BFD29C2007CF7AB /* PairListTableViewController.swift in Sources */ = {isa = PBXBuildFile; fileRef = 83D31E6F1BFD29C2007CF7AB /* PairListTableViewController.swift */; };
		83D31E721BFD2BCC007CF7AB /* Entry.swift in Sources */ = {isa = PBXBuildFile; fileRef = 83D31E711BFD2BCC007CF7AB /* Entry.swift */; };
		83D31E741BFD2CB1007CF7AB /* EntryController.swift in Sources */ = {isa = PBXBuildFile; fileRef = 83D31E731BFD2CB1007CF7AB /* EntryController.swift */; };
		83D31E761BFD2F8E007CF7AB /* addEntryViewController.swift in Sources */ = {isa = PBXBuildFile; fileRef = 83D31E751BFD2F8D007CF7AB /* addEntryViewController.swift */; };
/* End PBXBuildFile section */

/* Begin PBXFileReference section */
		83D31E561BFD2153007CF7AB /* 6 week challenge.app */ = {isa = PBXFileReference; explicitFileType = wrapper.application; includeInIndex = 0; path = "6 week challenge.app"; sourceTree = BUILT_PRODUCTS_DIR; };
		83D31E591BFD2153007CF7AB /* AppDelegate.swift */ = {isa = PBXFileReference; lastKnownFileType = sourcecode.swift; path = AppDelegate.swift; sourceTree = "<group>"; };
		83D31E5B1BFD2153007CF7AB /* ViewController.swift */ = {isa = PBXFileReference; lastKnownFileType = sourcecode.swift; path = ViewController.swift; sourceTree = "<group>"; };
		83D31E5E1BFD2153007CF7AB /* Base */ = {isa = PBXFileReference; lastKnownFileType = file.storyboard; name = Base; path = Base.lproj/Main.storyboard; sourceTree = "<group>"; };
		83D31E601BFD2153007CF7AB /* Assets.xcassets */ = {isa = PBXFileReference; lastKnownFileType = folder.assetcatalog; path = Assets.xcassets; sourceTree = "<group>"; };
		83D31E631BFD2153007CF7AB /* Base */ = {isa = PBXFileReference; lastKnownFileType = file.storyboard; name = Base; path = Base.lproj/LaunchScreen.storyboard; sourceTree = "<group>"; };
		83D31E651BFD2153007CF7AB /* Info.plist */ = {isa = PBXFileReference; lastKnownFileType = text.plist.xml; path = Info.plist; sourceTree = "<group>"; };
		83D31E6D1BFD29B4007CF7AB /* NameListTableViewController.swift */ = {isa = PBXFileReference; fileEncoding = 4; lastKnownFileType = sourcecode.swift; path = NameListTableViewController.swift; sourceTree = "<group>"; };
		83D31E6F1BFD29C2007CF7AB /* PairListTableViewController.swift */ = {isa = PBXFileReference; fileEncoding = 4; lastKnownFileType = sourcecode.swift; path = PairListTableViewController.swift; sourceTree = "<group>"; };
		83D31E711BFD2BCC007CF7AB /* Entry.swift */ = {isa = PBXFileReference; fileEncoding = 4; lastKnownFileType = sourcecode.swift; path = Entry.swift; sourceTree = "<group>"; };
		83D31E731BFD2CB1007CF7AB /* EntryController.swift */ = {isa = PBXFileReference; fileEncoding = 4; lastKnownFileType = sourcecode.swift; path = EntryController.swift; sourceTree = "<group>"; };
		83D31E751BFD2F8D007CF7AB /* addEntryViewController.swift */ = {isa = PBXFileReference; fileEncoding = 4; lastKnownFileType = sourcecode.swift; path = addEntryViewController.swift; sourceTree = "<group>"; };
/* End PBXFileReference section */

/* Begin PBXFrameworksBuildPhase section */
		83D31E531BFD2153007CF7AB /* Frameworks */ = {
			isa = PBXFrameworksBuildPhase;
			buildActionMask = 2147483647;
			files = (
			);
			runOnlyForDeploymentPostprocessing = 0;
		};
/* End PBXFrameworksBuildPhase section */

/* Begin PBXGroup section */
		83D31E4D1BFD2153007CF7AB = {
			isa = PBXGroup;
			children = (
				83D31E581BFD2153007CF7AB /* 6 week challenge */,
				83D31E571BFD2153007CF7AB /* Products */,
			);
			sourceTree = "<group>";
		};
		83D31E571BFD2153007CF7AB /* Products */ = {
			isa = PBXGroup;
			children = (
				83D31E561BFD2153007CF7AB /* 6 week challenge.app */,
			);
			name = Products;
			sourceTree = "<group>";
		};
		83D31E581BFD2153007CF7AB /* 6 week challenge */ = {
			isa = PBXGroup;
			children = (
				83D31E591BFD2153007CF7AB /* AppDelegate.swift */,
				83D31E5B1BFD2153007CF7AB /* ViewController.swift */,
				83D31E5D1BFD2153007CF7AB /* Main.storyboard */,
				83D31E751BFD2F8D007CF7AB /* addEntryViewController.swift */,
				83D31E711BFD2BCC007CF7AB /* Entry.swift */,
				83D31E731BFD2CB1007CF7AB /* EntryController.swift */,
				83D31E6D1BFD29B4007CF7AB /* NameListTableViewController.swift */,
				83D31E6F1BFD29C2007CF7AB /* PairListTableViewController.swift */,
				83D31E601BFD2153007CF7AB /* Assets.xcassets */,
				83D31E621BFD2153007CF7AB /* LaunchScreen.storyboard */,
				83D31E651BFD2153007CF7AB /* Info.plist */,
			);
			path = "6 week challenge";
			sourceTree = "<group>";
		};
/* End PBXGroup section */

/* Begin PBXNativeTarget section */
		83D31E551BFD2153007CF7AB /* 6 week challenge */ = {
			isa = PBXNativeTarget;
			buildConfigurationList = 83D31E681BFD2153007CF7AB /* Build configuration list for PBXNativeTarget "6 week challenge" */;
			buildPhases = (
				83D31E521BFD2153007CF7AB /* Sources */,
				83D31E531BFD2153007CF7AB /* Frameworks */,
				83D31E541BFD2153007CF7AB /* Resources */,
			);
			buildRules = (
			);
			dependencies = (
			);
			name = "6 week challenge";
			productName = "6 week challenge";
			productReference = 83D31E561BFD2153007CF7AB /* 6 week challenge.app */;
			productType = "com.apple.product-type.application";
		};
/* End PBXNativeTarget section */

/* Begin PBXProject section */
		83D31E4E1BFD2153007CF7AB /* Project object */ = {
			isa = PBXProject;
			attributes = {
				LastSwiftUpdateCheck = 0710;
				LastUpgradeCheck = 0710;
				ORGANIZATIONNAME = "Daniel Lee";
				TargetAttributes = {
					83D31E551BFD2153007CF7AB = {
						CreatedOnToolsVersion = 7.1.1;
					};
				};
			};
			buildConfigurationList = 83D31E511BFD2153007CF7AB /* Build configuration list for PBXProject "6 week challenge" */;
			compatibilityVersion = "Xcode 3.2";
			developmentRegion = English;
			hasScannedForEncodings = 0;
			knownRegions = (
				en,
				Base,
			);
			mainGroup = 83D31E4D1BFD2153007CF7AB;
			productRefGroup = 83D31E571BFD2153007CF7AB /* Products */;
			projectDirPath = "";
			projectRoot = "";
			targets = (
				83D31E551BFD2153007CF7AB /* 6 week challenge */,
			);
		};
/* End PBXProject section */

/* Begin PBXResourcesBuildPhase section */
		83D31E541BFD2153007CF7AB /* Resources */ = {
			isa = PBXResourcesBuildPhase;
			buildActionMask = 2147483647;
			files = (
				83D31E641BFD2153007CF7AB /* LaunchScreen.storyboard in Resources */,
				83D31E611BFD2153007CF7AB /* Assets.xcassets in Resources */,
				83D31E5F1BFD2153007CF7AB /* Main.storyboard in Resources */,
			);
			runOnlyForDeploymentPostprocessing = 0;
		};
/* End PBXResourcesBuildPhase section */

/* Begin PBXSourcesBuildPhase section */
		83D31E521BFD2153007CF7AB /* Sources */ = {
			isa = PBXSourcesBuildPhase;
			buildActionMask = 2147483647;
			files = (
				83D31E741BFD2CB1007CF7AB /* EntryController.swift in Sources */,
				83D31E721BFD2BCC007CF7AB /* Entry.swift in Sources */,
				83D31E761BFD2F8E007CF7AB /* addEntryViewController.swift in Sources */,
				83D31E6E1BFD29B4007CF7AB /* NameListTableViewController.swift in Sources */,
				83D31E701BFD29C2007CF7AB /* PairListTableViewController.swift in Sources */,
				83D31E5C1BFD2153007CF7AB /* ViewController.swift in Sources */,
				83D31E5A1BFD2153007CF7AB /* AppDelegate.swift in Sources */,
			);
			runOnlyForDeploymentPostprocessing = 0;
		};
/* End PBXSourcesBuildPhase section */

/* Begin PBXVariantGroup section */
		83D31E5D1BFD2153007CF7AB /* Main.storyboard */ = {
			isa = PBXVariantGroup;
			children = (
				83D31E5E1BFD2153007CF7AB /* Base */,
			);
			name = Main.storyboard;
			sourceTree = "<group>";
		};
		83D31E621BFD2153007CF7AB /* LaunchScreen.storyboard */ = {
			isa = PBXVariantGroup;
			children = (
				83D31E631BFD2153007CF7AB /* Base */,
			);
			name = LaunchScreen.storyboard;
			sourceTree = "<group>";
		};
/* End PBXVariantGroup section */

/* Begin XCBuildConfiguration section */
		83D31E661BFD2153007CF7AB /* Debug */ = {
			isa = XCBuildConfiguration;
			buildSettings = {
				ALWAYS_SEARCH_USER_PATHS = NO;
				CLANG_CXX_LANGUAGE_STANDARD = "gnu++0x";
				CLANG_CXX_LIBRARY = "libc++";
				CLANG_ENABLE_MODULES = YES;
				CLANG_ENABLE_OBJC_ARC = YES;
				CLANG_WARN_BOOL_CONVERSION = YES;
				CLANG_WARN_CONSTANT_CONVERSION = YES;
				CLANG_WARN_DIRECT_OBJC_ISA_USAGE = YES_ERROR;
				CLANG_WARN_EMPTY_BODY = YES;
				CLANG_WARN_ENUM_CONVERSION = YES;
				CLANG_WARN_INT_CONVERSION = YES;
				CLANG_WARN_OBJC_ROOT_CLASS = YES_ERROR;
				CLANG_WARN_UNREACHABLE_CODE = YES;
				CLANG_WARN__DUPLICATE_METHOD_MATCH = YES;
				"CODE_SIGN_IDENTITY[sdk=iphoneos*]" = "iPhone Developer";
				COPY_PHASE_STRIP = NO;
				DEBUG_INFORMATION_FORMAT = dwarf;
				ENABLE_STRICT_OBJC_MSGSEND = YES;
				ENABLE_TESTABILITY = YES;
				GCC_C_LANGUAGE_STANDARD = gnu99;
				GCC_DYNAMIC_NO_PIC = NO;
				GCC_NO_COMMON_BLOCKS = YES;
				GCC_OPTIMIZATION_LEVEL = 0;
				GCC_PREPROCESSOR_DEFINITIONS = (
					"DEBUG=1",
					"$(inherited)",
				);
				GCC_WARN_64_TO_32_BIT_CONVERSION = YES;
				GCC_WARN_ABOUT_RETURN_TYPE = YES_ERROR;
				GCC_WARN_UNDECLARED_SELECTOR = YES;
				GCC_WARN_UNINITIALIZED_AUTOS = YES_AGGRESSIVE;
				GCC_WARN_UNUSED_FUNCTION = YES;
				GCC_WARN_UNUSED_VARIABLE = YES;
				IPHONEOS_DEPLOYMENT_TARGET = 9.1;
				MTL_ENABLE_DEBUG_INFO = YES;
				ONLY_ACTIVE_ARCH = YES;
				SDKROOT = iphoneos;
				SWIFT_OPTIMIZATION_LEVEL = "-Onone";
				TARGETED_DEVICE_FAMILY = "1,2";
			};
			name = Debug;
		};
		83D31E671BFD2153007CF7AB /* Release */ = {
			isa = XCBuildConfiguration;
			buildSettings = {
				ALWAYS_SEARCH_USER_PATHS = NO;
				CLANG_CXX_LANGUAGE_STANDARD = "gnu++0x";
				CLANG_CXX_LIBRARY = "libc++";
				CLANG_ENABLE_MODULES = YES;
				CLANG_ENABLE_OBJC_ARC = YES;
				CLANG_WARN_BOOL_CONVERSION = YES;
				CLANG_WARN_CONSTANT_CONVERSION = YES;
				CLANG_WARN_DIRECT_OBJC_ISA_USAGE = YES_ERROR;
				CLANG_WARN_EMPTY_BODY = YES;
				CLANG_WARN_ENUM_CONVERSION = YES;
				CLANG_WARN_INT_CONVERSION = YES;
				CLANG_WARN_OBJC_ROOT_CLASS = YES_ERROR;
				CLANG_WARN_UNREACHABLE_CODE = YES;
				CLANG_WARN__DUPLICATE_METHOD_MATCH = YES;
				"CODE_SIGN_IDENTITY[sdk=iphoneos*]" = "iPhone Developer";
				COPY_PHASE_STRIP = NO;
				DEBUG_INFORMATION_FORMAT = "dwarf-with-dsym";
				ENABLE_NS_ASSERTIONS = NO;
				ENABLE_STRICT_OBJC_MSGSEND = YES;
				GCC_C_LANGUAGE_STANDARD = gnu99;
				GCC_NO_COMMON_BLOCKS = YES;
				GCC_WARN_64_TO_32_BIT_CONVERSION = YES;
				GCC_WARN_ABOUT_RETURN_TYPE = YES_ERROR;
				GCC_WARN_UNDECLARED_SELECTOR = YES;
				GCC_WARN_UNINITIALIZED_AUTOS = YES_AGGRESSIVE;
				GCC_WARN_UNUSED_FUNCTION = YES;
				GCC_WARN_UNUSED_VARIABLE = YES;
				IPHONEOS_DEPLOYMENT_TARGET = 9.1;
				MTL_ENABLE_DEBUG_INFO = NO;
				SDKROOT = iphoneos;
				TARGETED_DEVICE_FAMILY = "1,2";
				VALIDATE_PRODUCT = YES;
			};
			name = Release;
		};
		83D31E691BFD2153007CF7AB /* Debug */ = {
			isa = XCBuildConfiguration;
			buildSettings = {
				ASSETCATALOG_COMPILER_APPICON_NAME = AppIcon;
				INFOPLIST_FILE = "6 week challenge/Info.plist";
				LD_RUNPATH_SEARCH_PATHS = "$(inherited) @executable_path/Frameworks";
				PRODUCT_BUNDLE_IDENTIFIER = "com.example.--week-challenge";
				PRODUCT_NAME = "$(TARGET_NAME)";
			};
			name = Debug;
		};
		83D31E6A1BFD2153007CF7AB /* Release */ = {
			isa = XCBuildConfiguration;
			buildSettings = {
				ASSETCATALOG_COMPILER_APPICON_NAME = AppIcon;
				INFOPLIST_FILE = "6 week challenge/Info.plist";
				LD_RUNPATH_SEARCH_PATHS = "$(inherited) @executable_path/Frameworks";
				PRODUCT_BUNDLE_IDENTIFIER = "com.example.--week-challenge";
				PRODUCT_NAME = "$(TARGET_NAME)";
			};
			name = Release;
		};
/* End XCBuildConfiguration section */

/* Begin XCConfigurationList section */
		83D31E511BFD2153007CF7AB /* Build configuration list for PBXProject "6 week challenge" */ = {
			isa = XCConfigurationList;
			buildConfigurations = (
				83D31E661BFD2153007CF7AB /* Debug */,
				83D31E671BFD2153007CF7AB /* Release */,
			);
			defaultConfigurationIsVisible = 0;
			defaultConfigurationName = Release;
		};
		83D31E681BFD2153007CF7AB /* Build configuration list for PBXNativeTarget "6 week challenge" */ = {
			isa = XCConfigurationList;
			buildConfigurations = (
				83D31E691BFD2153007CF7AB /* Debug */,
				83D31E6A1BFD2153007CF7AB /* Release */,
			);
			defaultConfigurationIsVisible = 0;
		};
/* End XCConfigurationList section */
	};
	rootObject = 83D31E4E1BFD2153007CF7AB /* Project object */;
}
